
Microsoft Visual Studio Solution File, Format Version 12.00
# Visual Studio 14
VisualStudioVersion = 14.0.25420.1
MinimumVisualStudioVersion = 10.0.40219.1
Project("{FAE04EC0-301F-11D3-BF4B-00C04F79EFBC}") = "App1", "App1\App1\App1.csproj", "{B35CAF78-0C1E-4C20-94BC-2222D64857AE}"
EndProject
Project("{FAE04EC0-301F-11D3-BF4B-00C04F79EFBC}") = "App1.Droid", "App1\App1.Droid\App1.Droid.csproj", "{417FAEE3-84B4-4FC0-91E2-E08ADFE25F65}"
EndProject
Project("{FAE04EC0-301F-11D3-BF4B-00C04F79EFBC}") = "App1.iOS", "App1\App1.iOS\App1.iOS.csproj", "{35636282-D11F-4BE1-BC01-D049107A6E44}"
EndProject
Project("{FAE04EC0-301F-11D3-BF4B-00C04F79EFBC}") = "App1.WinPhone", "App1\App1.WinPhone\App1.WinPhone.csproj", "{23F6C987-1CE8-491A-81E7-21EFEC9197F7}"
EndProject
Project("{FAE04EC0-301F-11D3-BF4B-00C04F79EFBC}") = "App1.Windows", "App1\App1.Windows\App1.Windows.csproj", "{68F57F70-E446-4D62-A7D9-77B8085FDF83}"
EndProject
Global
	GlobalSection(SolutionConfigurationPlatforms) = preSolution
		Ad-Hoc|Any CPU = Ad-Hoc|Any CPU
		Ad-Hoc|ARM = Ad-Hoc|ARM
		Ad-Hoc|iPhone = Ad-Hoc|iPhone
		Ad-Hoc|iPhoneSimulator = Ad-Hoc|iPhoneSimulator
		Ad-Hoc|x64 = Ad-Hoc|x64
		Ad-Hoc|x86 = Ad-Hoc|x86
		AppStore|Any CPU = AppStore|Any CPU
		AppStore|ARM = AppStore|ARM
		AppStore|iPhone = AppStore|iPhone
		AppStore|iPhoneSimulator = AppStore|iPhoneSimulator
		AppStore|x64 = AppStore|x64
		AppStore|x86 = AppStore|x86
		Debug|Any CPU = Debug|Any CPU
		Debug|ARM = Debug|ARM
		Debug|iPhone = Debug|iPhone
		Debug|iPhoneSimulator = Debug|iPhoneSimulator
		Debug|x64 = Debug|x64
		Debug|x86 = Debug|x86
		Release|Any CPU = Release|Any CPU
		Release|ARM = Release|ARM
		Release|iPhone = Release|iPhone
		Release|iPhoneSimulator = Release|iPhoneSimulator
		Release|x64 = Release|x64
		Release|x86 = Release|x86
	EndGlobalSection
	GlobalSection(ProjectConfigurationPlatforms) = postSolution
		{B35CAF78-0C1E-4C20-94BC-2222D64857AE}.Ad-Hoc|Any CPU.ActiveCfg = Release|Any CPU
		{B35CAF78-0C1E-4C20-94BC-2222D64857AE}.Ad-Hoc|Any CPU.Build.0 = Release|Any CPU
		{B35CAF78-0C1E-4C20-94BC-2222D64857AE}.Ad-Hoc|ARM.ActiveCfg = Release|Any CPU
		{B35CAF78-0C1E-4C20-94BC-2222D64857AE}.Ad-Hoc|ARM.Build.0 = Release|Any CPU
		{B35CAF78-0C1E-4C20-94BC-2222D64857AE}.Ad-Hoc|iPhone.ActiveCfg = Release|Any CPU
		{B35CAF78-0C1E-4C20-94BC-2222D64857AE}.Ad-Hoc|iPhone.Build.0 = Release|Any CPU
		{B35CAF78-0C1E-4C20-94BC-2222D64857AE}.Ad-Hoc|iPhoneSimulator.ActiveCfg = Release|Any CPU
		{B35CAF78-0C1E-4C20-94BC-2222D64857AE}.Ad-Hoc|iPhoneSimulator.Build.0 = Release|Any CPU
		{B35CAF78-0C1E-4C20-94BC-2222D64857AE}.Ad-Hoc|x64.ActiveCfg = Release|Any CPU
		{B35CAF78-0C1E-4C20-94BC-2222D64857AE}.Ad-Hoc|x64.Build.0 = Release|Any CPU
		{B35CAF78-0C1E-4C20-94BC-2222D64857AE}.Ad-Hoc|x86.ActiveCfg = Release|Any CPU
		{B35CAF78-0C1E-4C20-94BC-2222D64857AE}.Ad-Hoc|x86.Build.0 = Release|Any CPU
		{B35CAF78-0C1E-4C20-94BC-2222D64857AE}.AppStore|Any CPU.ActiveCfg = Release|Any CPU
		{B35CAF78-0C1E-4C20-94BC-2222D64857AE}.AppStore|Any CPU.Build.0 = Release|Any CPU
		{B35CAF78-0C1E-4C20-94BC-2222D64857AE}.AppStore|ARM.ActiveCfg = Release|Any CPU
		{B35CAF78-0C1E-4C20-94BC-2222D64857AE}.AppStore|ARM.Build.0 = Release|Any CPU
		{B35CAF78-0C1E-4C20-94BC-2222D64857AE}.AppStore|iPhone.ActiveCfg = Release|Any CPU
		{B35CAF78-0C1E-4C20-94BC-2222D64857AE}.AppStore|iPhone.Build.0 = Release|Any CPU
		{B35CAF78-0C1E-4C20-94BC-2222D64857AE}.AppStore|iPhoneSimulator.ActiveCfg = Release|Any CPU
		{B35CAF78-0C1E-4C20-94BC-2222D64857AE}.AppStore|iPhoneSimulator.Build.0 = Release|Any CPU
		{B35CAF78-0C1E-4C20-94BC-2222D64857AE}.AppStore|x64.ActiveCfg = Release|Any CPU
		{B35CAF78-0C1E-4C20-94BC-2222D64857AE}.AppStore|x64.Build.0 = Release|Any CPU
		{B35CAF78-0C1E-4C20-94BC-2222D64857AE}.AppStore|x86.ActiveCfg = Release|Any CPU
		{B35CAF78-0C1E-4C20-94BC-2222D64857AE}.AppStore|x86.Build.0 = Release|Any CPU
		{B35CAF78-0C1E-4C20-94BC-2222D64857AE}.Debug|Any CPU.ActiveCfg = Debug|Any CPU
		{B35CAF78-0C1E-4C20-94BC-2222D64857AE}.Debug|Any CPU.Build.0 = Debug|Any CPU
		{B35CAF78-0C1E-4C20-94BC-2222D64857AE}.Debug|ARM.ActiveCfg = Debug|Any CPU
		{B35CAF78-0C1E-4C20-94BC-2222D64857AE}.Debug|ARM.Build.0 = Debug|Any CPU
		{B35CAF78-0C1E-4C20-94BC-2222D64857AE}.Debug|iPhone.ActiveCfg = Debug|Any CPU
		{B35CAF78-0C1E-4C20-94BC-2222D64857AE}.Debug|iPhone.Build.0 = Debug|Any CPU
		{B35CAF78-0C1E-4C20-94BC-2222D64857AE}.Debug|iPhoneSimulator.ActiveCfg = Debug|Any CPU
		{B35CAF78-0C1E-4C20-94BC-2222D64857AE}.Debug|iPhoneSimulator.Build.0 = Debug|Any CPU
		{B35CAF78-0C1E-4C20-94BC-2222D64857AE}.Debug|x64.ActiveCfg = Debug|Any CPU
		{B35CAF78-0C1E-4C20-94BC-2222D64857AE}.Debug|x64.Build.0 = Debug|Any CPU
		{B35CAF78-0C1E-4C20-94BC-2222D64857AE}.Debug|x86.ActiveCfg = Debug|Any CPU
		{B35CAF78-0C1E-4C20-94BC-2222D64857AE}.Debug|x86.Build.0 = Debug|Any CPU
		{B35CAF78-0C1E-4C20-94BC-2222D64857AE}.Release|Any CPU.ActiveCfg = Release|Any CPU
		{B35CAF78-0C1E-4C20-94BC-2222D64857AE}.Release|Any CPU.Build.0 = Release|Any CPU
		{B35CAF78-0C1E-4C20-94BC-2222D64857AE}.Release|ARM.ActiveCfg = Release|Any CPU
		{B35CAF78-0C1E-4C20-94BC-2222D64857AE}.Release|ARM.Build.0 = Release|Any CPU
		{B35CAF78-0C1E-4C20-94BC-2222D64857AE}.Release|iPhone.ActiveCfg = Release|Any CPU
		{B35CAF78-0C1E-4C20-94BC-2222D64857AE}.Release|iPhone.Build.0 = Release|Any CPU
		{B35CAF78-0C1E-4C20-94BC-2222D64857AE}.Release|iPhoneSimulator.ActiveCfg = Release|Any CPU
		{B35CAF78-0C1E-4C20-94BC-2222D64857AE}.Release|iPhoneSimulator.Build.0 = Release|Any CPU
		{B35CAF78-0C1E-4C20-94BC-2222D64857AE}.Release|x64.ActiveCfg = Release|Any CPU
		{B35CAF78-0C1E-4C20-94BC-2222D64857AE}.Release|x64.Build.0 = Release|Any CPU
		{B35CAF78-0C1E-4C20-94BC-2222D64857AE}.Release|x86.ActiveCfg = Release|Any CPU
		{B35CAF78-0C1E-4C20-94BC-2222D64857AE}.Release|x86.Build.0 = Release|Any CPU
		{417FAEE3-84B4-4FC0-91E2-E08ADFE25F65}.Ad-Hoc|Any CPU.ActiveCfg = Release|Any CPU
		{417FAEE3-84B4-4FC0-91E2-E08ADFE25F65}.Ad-Hoc|Any CPU.Build.0 = Release|Any CPU
		{417FAEE3-84B4-4FC0-91E2-E08ADFE25F65}.Ad-Hoc|Any CPU.Deploy.0 = Release|Any CPU
		{417FAEE3-84B4-4FC0-91E2-E08ADFE25F65}.Ad-Hoc|ARM.ActiveCfg = Release|Any CPU
		{417FAEE3-84B4-4FC0-91E2-E08ADFE25F65}.Ad-Hoc|ARM.Build.0 = Release|Any CPU
		{417FAEE3-84B4-4FC0-91E2-E08ADFE25F65}.Ad-Hoc|ARM.Deploy.0 = Release|Any CPU
		{417FAEE3-84B4-4FC0-91E2-E08ADFE25F65}.Ad-Hoc|iPhone.ActiveCfg = Release|Any CPU
		{417FAEE3-84B4-4FC0-91E2-E08ADFE25F65}.Ad-Hoc|iPhone.Build.0 = Release|Any CPU
		{417FAEE3-84B4-4FC0-91E2-E08ADFE25F65}.Ad-Hoc|iPhone.Deploy.0 = Release|Any CPU
		{417FAEE3-84B4-4FC0-91E2-E08ADFE25F65}.Ad-Hoc|iPhoneSimulator.ActiveCfg = Release|Any CPU
		{417FAEE3-84B4-4FC0-91E2-E08ADFE25F65}.Ad-Hoc|iPhoneSimulator.Build.0 = Release|Any CPU
		{417FAEE3-84B4-4FC0-91E2-E08ADFE25F65}.Ad-Hoc|iPhoneSimulator.Deploy.0 = Release|Any CPU
		{417FAEE3-84B4-4FC0-91E2-E08ADFE25F65}.Ad-Hoc|x64.ActiveCfg = Release|Any CPU
		{417FAEE3-84B4-4FC0-91E2-E08ADFE25F65}.Ad-Hoc|x64.Build.0 = Release|Any CPU
		{417FAEE3-84B4-4FC0-91E2-E08ADFE25F65}.Ad-Hoc|x64.Deploy.0 = Release|Any CPU
		{417FAEE3-84B4-4FC0-91E2-E08ADFE25F65}.Ad-Hoc|x86.ActiveCfg = Release|Any CPU
		{417FAEE3-84B4-4FC0-91E2-E08ADFE25F65}.Ad-Hoc|x86.Build.0 = Release|Any CPU
		{417FAEE3-84B4-4FC0-91E2-E08ADFE25F65}.Ad-Hoc|x86.Deploy.0 = Release|Any CPU
		{417FAEE3-84B4-4FC0-91E2-E08ADFE25F65}.AppStore|Any CPU.ActiveCfg = Release|Any CPU
		{417FAEE3-84B4-4FC0-91E2-E08ADFE25F65}.AppStore|Any CPU.Build.0 = Release|Any CPU
		{417FAEE3-84B4-4FC0-91E2-E08ADFE25F65}.AppStore|Any CPU.Deploy.0 = Release|Any CPU
		{417FAEE3-84B4-4FC0-91E2-E08ADFE25F65}.AppStore|ARM.ActiveCfg = Release|Any CPU
		{417FAEE3-84B4-4FC0-91E2-E08ADFE25F65}.AppStore|ARM.Build.0 = Release|Any CPU
		{417FAEE3-84B4-4FC0-91E2-E08ADFE25F65}.AppStore|ARM.Deploy.0 = Release|Any CPU
		{417FAEE3-84B4-4FC0-91E2-E08ADFE25F65}.AppStore|iPhone.ActiveCfg = Release|Any CPU
		{417FAEE3-84B4-4FC0-91E2-E08ADFE25F65}.AppStore|iPhone.Build.0 = Release|Any CPU
		{417FAEE3-84B4-4FC0-91E2-E08ADFE25F65}.AppStore|iPhone.Deploy.0 = Release|Any CPU
		{417FAEE3-84B4-4FC0-91E2-E08ADFE25F65}.AppStore|iPhoneSimulator.ActiveCfg = Release|Any CPU
		{417FAEE3-84B4-4FC0-91E2-E08ADFE25F65}.AppStore|iPhoneSimulator.Build.0 = Release|Any CPU
		{417FAEE3-84B4-4FC0-91E2-E08ADFE25F65}.AppStore|iPhoneSimulator.Deploy.0 = Release|Any CPU
		{417FAEE3-84B4-4FC0-91E2-E08ADFE25F65}.AppStore|x64.ActiveCfg = Release|Any CPU
		{417FAEE3-84B4-4FC0-91E2-E08ADFE25F65}.AppStore|x64.Build.0 = Release|Any CPU
		{417FAEE3-84B4-4FC0-91E2-E08ADFE25F65}.AppStore|x64.Deploy.0 = Release|Any CPU
		{417FAEE3-84B4-4FC0-91E2-E08ADFE25F65}.AppStore|x86.ActiveCfg = Release|Any CPU
		{417FAEE3-84B4-4FC0-91E2-E08ADFE25F65}.AppStore|x86.Build.0 = Release|Any CPU
		{417FAEE3-84B4-4FC0-91E2-E08ADFE25F65}.AppStore|x86.Deploy.0 = Release|Any CPU
		{417FAEE3-84B4-4FC0-91E2-E08ADFE25F65}.Debug|Any CPU.ActiveCfg = Debug|Any CPU
		{417FAEE3-84B4-4FC0-91E2-E08ADFE25F65}.Debug|Any CPU.Build.0 = Debug|Any CPU
		{417FAEE3-84B4-4FC0-91E2-E08ADFE25F65}.Debug|Any CPU.Deploy.0 = Debug|Any CPU
		{417FAEE3-84B4-4FC0-91E2-E08ADFE25F65}.Debug|ARM.ActiveCfg = Debug|Any CPU
		{417FAEE3-84B4-4FC0-91E2-E08ADFE25F65}.Debug|ARM.Build.0 = Debug|Any CPU
		{417FAEE3-84B4-4FC0-91E2-E08ADFE25F65}.Debug|ARM.Deploy.0 = Debug|Any CPU
		{417FAEE3-84B4-4FC0-91E2-E08ADFE25F65}.Debug|iPhone.ActiveCfg = Debug|Any CPU
		{417FAEE3-84B4-4FC0-91E2-E08ADFE25F65}.Debug|iPhone.Build.0 = Debug|Any CPU
		{417FAEE3-84B4-4FC0-91E2-E08ADFE25F65}.Debug|iPhone.Deploy.0 = Debug|Any CPU
		{417FAEE3-84B4-4FC0-91E2-E08ADFE25F65}.Debug|iPhoneSimulator.ActiveCfg = Debug|Any CPU
		{417FAEE3-84B4-4FC0-91E2-E08ADFE25F65}.Debug|iPhoneSimulator.Build.0 = Debug|Any CPU
		{417FAEE3-84B4-4FC0-91E2-E08ADFE25F65}.Debug|iPhoneSimulator.Deploy.0 = Debug|Any CPU
		{417FAEE3-84B4-4FC0-91E2-E08ADFE25F65}.Debug|x64.ActiveCfg = Debug|Any CPU
		{417FAEE3-84B4-4FC0-91E2-E08ADFE25F65}.Debug|x64.Build.0 = Debug|Any CPU
		{417FAEE3-84B4-4FC0-91E2-E08ADFE25F65}.Debug|x64.Deploy.0 = Debug|Any CPU
		{417FAEE3-84B4-4FC0-91E2-E08ADFE25F65}.Debug|x86.ActiveCfg = Debug|Any CPU
		{417FAEE3-84B4-4FC0-91E2-E08ADFE25F65}.Debug|x86.Build.0 = Debug|Any CPU
		{417FAEE3-84B4-4FC0-91E2-E08ADFE25F65}.Debug|x86.Deploy.0 = Debug|Any CPU
		{417FAEE3-84B4-4FC0-91E2-E08ADFE25F65}.Release|Any CPU.ActiveCfg = Release|Any CPU
		{417FAEE3-84B4-4FC0-91E2-E08ADFE25F65}.Release|Any CPU.Build.0 = Release|Any CPU
		{417FAEE3-84B4-4FC0-91E2-E08ADFE25F65}.Release|Any CPU.Deploy.0 = Release|Any CPU
		{417FAEE3-84B4-4FC0-91E2-E08ADFE25F65}.Release|ARM.ActiveCfg = Release|Any CPU
		{417FAEE3-84B4-4FC0-91E2-E08ADFE25F65}.Release|ARM.Build.0 = Release|Any CPU
		{417FAEE3-84B4-4FC0-91E2-E08ADFE25F65}.Release|ARM.Deploy.0 = Release|Any CPU
		{417FAEE3-84B4-4FC0-91E2-E08ADFE25F65}.Release|iPhone.ActiveCfg = Release|Any CPU
		{417FAEE3-84B4-4FC0-91E2-E08ADFE25F65}.Release|iPhone.Build.0 = Release|Any CPU
		{417FAEE3-84B4-4FC0-91E2-E08ADFE25F65}.Release|iPhone.Deploy.0 = Release|Any CPU
		{417FAEE3-84B4-4FC0-91E2-E08ADFE25F65}.Release|iPhoneSimulator.ActiveCfg = Release|Any CPU
		{417FAEE3-84B4-4FC0-91E2-E08ADFE25F65}.Release|iPhoneSimulator.Build.0 = Release|Any CPU
		{417FAEE3-84B4-4FC0-91E2-E08ADFE25F65}.Release|iPhoneSimulator.Deploy.0 = Release|Any CPU
		{417FAEE3-84B4-4FC0-91E2-E08ADFE25F65}.Release|x64.ActiveCfg = Release|Any CPU
		{417FAEE3-84B4-4FC0-91E2-E08ADFE25F65}.Release|x64.Build.0 = Release|Any CPU
		{417FAEE3-84B4-4FC0-91E2-E08ADFE25F65}.Release|x64.Deploy.0 = Release|Any CPU
		{417FAEE3-84B4-4FC0-91E2-E08ADFE25F65}.Release|x86.ActiveCfg = Release|Any CPU
		{417FAEE3-84B4-4FC0-91E2-E08ADFE25F65}.Release|x86.Build.0 = Release|Any CPU
		{417FAEE3-84B4-4FC0-91E2-E08ADFE25F65}.Release|x86.Deploy.0 = Release|Any CPU
		{35636282-D11F-4BE1-BC01-D049107A6E44}.Ad-Hoc|Any CPU.ActiveCfg = Ad-Hoc|iPhone
		{35636282-D11F-4BE1-BC01-D049107A6E44}.Ad-Hoc|ARM.ActiveCfg = Ad-Hoc|iPhone
		{35636282-D11F-4BE1-BC01-D049107A6E44}.Ad-Hoc|iPhone.ActiveCfg = Ad-Hoc|iPhone
		{35636282-D11F-4BE1-BC01-D049107A6E44}.Ad-Hoc|iPhone.Build.0 = Ad-Hoc|iPhone
		{35636282-D11F-4BE1-BC01-D049107A6E44}.Ad-Hoc|iPhoneSimulator.ActiveCfg = Ad-Hoc|iPhoneSimulator
		{35636282-D11F-4BE1-BC01-D049107A6E44}.Ad-Hoc|iPhoneSimulator.Build.0 = Ad-Hoc|iPhoneSimulator
		{35636282-D11F-4BE1-BC01-D049107A6E44}.Ad-Hoc|x64.ActiveCfg = Ad-Hoc|iPhone
		{35636282-D11F-4BE1-BC01-D049107A6E44}.Ad-Hoc|x86.ActiveCfg = Ad-Hoc|iPhone
		{35636282-D11F-4BE1-BC01-D049107A6E44}.AppStore|Any CPU.ActiveCfg = AppStore|iPhone
		{35636282-D11F-4BE1-BC01-D049107A6E44}.AppStore|ARM.ActiveCfg = AppStore|iPhone
		{35636282-D11F-4BE1-BC01-D049107A6E44}.AppStore|iPhone.ActiveCfg = AppStore|iPhone
		{35636282-D11F-4BE1-BC01-D049107A6E44}.AppStore|iPhone.Build.0 = AppStore|iPhone
		{35636282-D11F-4BE1-BC01-D049107A6E44}.AppStore|iPhoneSimulator.ActiveCfg = AppStore|iPhoneSimulator
		{35636282-D11F-4BE1-BC01-D049107A6E44}.AppStore|iPhoneSimulator.Build.0 = AppStore|iPhoneSimulator
		{35636282-D11F-4BE1-BC01-D049107A6E44}.AppStore|x64.ActiveCfg = AppStore|iPhone
		{35636282-D11F-4BE1-BC01-D049107A6E44}.AppStore|x86.ActiveCfg = AppStore|iPhone
		{35636282-D11F-4BE1-BC01-D049107A6E44}.Debug|Any CPU.ActiveCfg = Debug|iPhone
		{35636282-D11F-4BE1-BC01-D049107A6E44}.Debug|ARM.ActiveCfg = Debug|iPhone
		{35636282-D11F-4BE1-BC01-D049107A6E44}.Debug|iPhone.ActiveCfg = Debug|iPhone
		{35636282-D11F-4BE1-BC01-D049107A6E44}.Debug|iPhone.Build.0 = Debug|iPhone
		{35636282-D11F-4BE1-BC01-D049107A6E44}.Debug|iPhoneSimulator.ActiveCfg = Debug|iPhoneSimulator
		{35636282-D11F-4BE1-BC01-D049107A6E44}.Debug|iPhoneSimulator.Build.0 = Debug|iPhoneSimulator
		{35636282-D11F-4BE1-BC01-D049107A6E44}.Debug|x64.ActiveCfg = Debug|iPhone
		{35636282-D11F-4BE1-BC01-D049107A6E44}.Debug|x86.ActiveCfg = Debug|iPhone
		{35636282-D11F-4BE1-BC01-D049107A6E44}.Release|Any CPU.ActiveCfg = Release|iPhone
		{35636282-D11F-4BE1-BC01-D049107A6E44}.Release|ARM.ActiveCfg = Release|iPhone
		{35636282-D11F-4BE1-BC01-D049107A6E44}.Release|iPhone.ActiveCfg = Release|iPhone
		{35636282-D11F-4BE1-BC01-D049107A6E44}.Release|iPhone.Build.0 = Release|iPhone
		{35636282-D11F-4BE1-BC01-D049107A6E44}.Release|iPhoneSimulator.ActiveCfg = Release|iPhoneSimulator
		{35636282-D11F-4BE1-BC01-D049107A6E44}.Release|iPhoneSimulator.Build.0 = Release|iPhoneSimulator
		{35636282-D11F-4BE1-BC01-D049107A6E44}.Release|x64.ActiveCfg = Release|iPhone
		{35636282-D11F-4BE1-BC01-D049107A6E44}.Release|x86.ActiveCfg = Release|iPhone
		{23F6C987-1CE8-491A-81E7-21EFEC9197F7}.Ad-Hoc|Any CPU.ActiveCfg = Release|Any CPU
		{23F6C987-1CE8-491A-81E7-21EFEC9197F7}.Ad-Hoc|Any CPU.Build.0 = Release|Any CPU
		{23F6C987-1CE8-491A-81E7-21EFEC9197F7}.Ad-Hoc|Any CPU.Deploy.0 = Release|Any CPU
		{23F6C987-1CE8-491A-81E7-21EFEC9197F7}.Ad-Hoc|ARM.ActiveCfg = Release|ARM
		{23F6C987-1CE8-491A-81E7-21EFEC9197F7}.Ad-Hoc|ARM.Build.0 = Release|ARM
		{23F6C987-1CE8-491A-81E7-21EFEC9197F7}.Ad-Hoc|ARM.Deploy.0 = Release|ARM
		{23F6C987-1CE8-491A-81E7-21EFEC9197F7}.Ad-Hoc|iPhone.ActiveCfg = Release|Any CPU
		{23F6C987-1CE8-491A-81E7-21EFEC9197F7}.Ad-Hoc|iPhone.Build.0 = Release|Any CPU
		{23F6C987-1CE8-491A-81E7-21EFEC9197F7}.Ad-Hoc|iPhone.Deploy.0 = Release|Any CPU
		{23F6C987-1CE8-491A-81E7-21EFEC9197F7}.Ad-Hoc|iPhoneSimulator.ActiveCfg = Release|Any CPU
		{23F6C987-1CE8-491A-81E7-21EFEC9197F7}.Ad-Hoc|iPhoneSimulator.Build.0 = Release|Any CPU
		{23F6C987-1CE8-491A-81E7-21EFEC9197F7}.Ad-Hoc|iPhoneSimulator.Deploy.0 = Release|Any CPU
		{23F6C987-1CE8-491A-81E7-21EFEC9197F7}.Ad-Hoc|x64.ActiveCfg = Release|Any CPU
		{23F6C987-1CE8-491A-81E7-21EFEC9197F7}.Ad-Hoc|x64.Build.0 = Release|Any CPU
		{23F6C987-1CE8-491A-81E7-21EFEC9197F7}.Ad-Hoc|x64.Deploy.0 = Release|Any CPU
		{23F6C987-1CE8-491A-81E7-21EFEC9197F7}.Ad-Hoc|x86.ActiveCfg = Release|x86
		{23F6C987-1CE8-491A-81E7-21EFEC9197F7}.Ad-Hoc|x86.Build.0 = Release|x86
		{23F6C987-1CE8-491A-81E7-21EFEC9197F7}.Ad-Hoc|x86.Deploy.0 = Release|x86
		{23F6C987-1CE8-491A-81E7-21EFEC9197F7}.AppStore|Any CPU.ActiveCfg = Release|Any CPU
		{23F6C987-1CE8-491A-81E7-21EFEC9197F7}.AppStore|Any CPU.Build.0 = Release|Any CPU
		{23F6C987-1CE8-491A-81E7-21EFEC9197F7}.AppStore|Any CPU.Deploy.0 = Release|Any CPU
		{23F6C987-1CE8-491A-81E7-21EFEC9197F7}.AppStore|ARM.ActiveCfg = Release|ARM
		{23F6C987-1CE8-491A-81E7-21EFEC9197F7}.AppStore|ARM.Build.0 = Release|ARM
		{23F6C987-1CE8-491A-81E7-21EFEC9197F7}.AppStore|ARM.Deploy.0 = Release|ARM
		{23F6C987-1CE8-491A-81E7-21EFEC9197F7}.AppStore|iPhone.ActiveCfg = Release|Any CPU
		{23F6C987-1CE8-491A-81E7-21EFEC9197F7}.AppStore|iPhone.Build.0 = Release|Any CPU
		{23F6C987-1CE8-491A-81E7-21EFEC9197F7}.AppStore|iPhone.Deploy.0 = Release|Any CPU
		{23F6C987-1CE8-491A-81E7-21EFEC9197F7}.AppStore|iPhoneSimulator.ActiveCfg = Release|Any CPU
		{23F6C987-1CE8-491A-81E7-21EFEC9197F7}.AppStore|iPhoneSimulator.Build.0 = Release|Any CPU
		{23F6C987-1CE8-491A-81E7-21EFEC9197F7}.AppStore|iPhoneSimulator.Deploy.0 = Release|Any CPU
		{23F6C987-1CE8-491A-81E7-21EFEC9197F7}.AppStore|x64.ActiveCfg = Release|Any CPU
		{23F6C987-1CE8-491A-81E7-21EFEC9197F7}.AppStore|x64.Build.0 = Release|Any CPU
		{23F6C987-1CE8-491A-81E7-21EFEC9197F7}.AppStore|x64.Deploy.0 = Release|Any CPU
		{23F6C987-1CE8-491A-81E7-21EFEC9197F7}.AppStore|x86.ActiveCfg = Release|x86
		{23F6C987-1CE8-491A-81E7-21EFEC9197F7}.AppStore|x86.Build.0 = Release|x86
		{23F6C987-1CE8-491A-81E7-21EFEC9197F7}.AppStore|x86.Deploy.0 = Release|x86
		{23F6C987-1CE8-491A-81E7-21EFEC9197F7}.Debug|Any CPU.ActiveCfg = Debug|Any CPU
		{23F6C987-1CE8-491A-81E7-21EFEC9197F7}.Debug|Any CPU.Build.0 = Debug|Any CPU
		{23F6C987-1CE8-491A-81E7-21EFEC9197F7}.Debug|Any CPU.Deploy.0 = Debug|Any CPU
		{23F6C987-1CE8-491A-81E7-21EFEC9197F7}.Debug|ARM.ActiveCfg = Debug|ARM
		{23F6C987-1CE8-491A-81E7-21EFEC9197F7}.Debug|ARM.Build.0 = Debug|ARM
		{23F6C987-1CE8-491A-81E7-21EFEC9197F7}.Debug|ARM.Deploy.0 = Debug|ARM
		{23F6C987-1CE8-491A-81E7-21EFEC9197F7}.Debug|iPhone.ActiveCfg = Debug|Any CPU
		{23F6C987-1CE8-491A-81E7-21EFEC9197F7}.Debug|iPhone.Build.0 = Debug|Any CPU
		{23F6C987-1CE8-491A-81E7-21EFEC9197F7}.Debug|iPhone.Deploy.0 = Debug|Any CPU
		{23F6C987-1CE8-491A-81E7-21EFEC9197F7}.Debug|iPhoneSimulator.ActiveCfg = Debug|Any CPU
		{23F6C987-1CE8-491A-81E7-21EFEC9197F7}.Debug|iPhoneSimulator.Build.0 = Debug|Any CPU
		{23F6C987-1CE8-491A-81E7-21EFEC9197F7}.Debug|iPhoneSimulator.Deploy.0 = Debug|Any CPU
		{23F6C987-1CE8-491A-81E7-21EFEC9197F7}.Debug|x64.ActiveCfg = Debug|Any CPU
		{23F6C987-1CE8-491A-81E7-21EFEC9197F7}.Debug|x64.Build.0 = Debug|Any CPU
		{23F6C987-1CE8-491A-81E7-21EFEC9197F7}.Debug|x64.Deploy.0 = Debug|Any CPU
		{23F6C987-1CE8-491A-81E7-21EFEC9197F7}.Debug|x86.ActiveCfg = Debug|x86
		{23F6C987-1CE8-491A-81E7-21EFEC9197F7}.Debug|x86.Build.0 = Debug|x86
		{23F6C987-1CE8-491A-81E7-21EFEC9197F7}.Debug|x86.Deploy.0 = Debug|x86
		{23F6C987-1CE8-491A-81E7-21EFEC9197F7}.Release|Any CPU.ActiveCfg = Release|Any CPU
		{23F6C987-1CE8-491A-81E7-21EFEC9197F7}.Release|Any CPU.Build.0 = Release|Any CPU
		{23F6C987-1CE8-491A-81E7-21EFEC9197F7}.Release|Any CPU.Deploy.0 = Release|Any CPU
		{23F6C987-1CE8-491A-81E7-21EFEC9197F7}.Release|ARM.ActiveCfg = Release|ARM
		{23F6C987-1CE8-491A-81E7-21EFEC9197F7}.Release|ARM.Build.0 = Release|ARM
		{23F6C987-1CE8-491A-81E7-21EFEC9197F7}.Release|ARM.Deploy.0 = Release|ARM
		{23F6C987-1CE8-491A-81E7-21EFEC9197F7}.Release|iPhone.ActiveCfg = Release|Any CPU
		{23F6C987-1CE8-491A-81E7-21EFEC9197F7}.Release|iPhone.Build.0 = Release|Any CPU
		{23F6C987-1CE8-491A-81E7-21EFEC9197F7}.Release|iPhone.Deploy.0 = Release|Any CPU
		{23F6C987-1CE8-491A-81E7-21EFEC9197F7}.Release|iPhoneSimulator.ActiveCfg = Release|Any CPU
		{23F6C987-1CE8-491A-81E7-21EFEC9197F7}.Release|iPhoneSimulator.Build.0 = Release|Any CPU
		{23F6C987-1CE8-491A-81E7-21EFEC9197F7}.Release|iPhoneSimulator.Deploy.0 = Release|Any CPU
		{23F6C987-1CE8-491A-81E7-21EFEC9197F7}.Release|x64.ActiveCfg = Release|Any CPU
		{23F6C987-1CE8-491A-81E7-21EFEC9197F7}.Release|x64.Build.0 = Release|Any CPU
		{23F6C987-1CE8-491A-81E7-21EFEC9197F7}.Release|x64.Deploy.0 = Release|Any CPU
		{23F6C987-1CE8-491A-81E7-21EFEC9197F7}.Release|x86.ActiveCfg = Release|x86
		{23F6C987-1CE8-491A-81E7-21EFEC9197F7}.Release|x86.Build.0 = Release|x86
		{23F6C987-1CE8-491A-81E7-21EFEC9197F7}.Release|x86.Deploy.0 = Release|x86
		{68F57F70-E446-4D62-A7D9-77B8085FDF83}.Ad-Hoc|Any CPU.ActiveCfg = Release|Any CPU
		{68F57F70-E446-4D62-A7D9-77B8085FDF83}.Ad-Hoc|Any CPU.Build.0 = Release|Any CPU
		{68F57F70-E446-4D62-A7D9-77B8085FDF83}.Ad-Hoc|Any CPU.Deploy.0 = Release|Any CPU
		{68F57F70-E446-4D62-A7D9-77B8085FDF83}.Ad-Hoc|ARM.ActiveCfg = Release|ARM
		{68F57F70-E446-4D62-A7D9-77B8085FDF83}.Ad-Hoc|ARM.Build.0 = Release|ARM
		{68F57F70-E446-4D62-A7D9-77B8085FDF83}.Ad-Hoc|ARM.Deploy.0 = Release|ARM
		{68F57F70-E446-4D62-A7D9-77B8085FDF83}.Ad-Hoc|iPhone.ActiveCfg = Release|Any CPU
		{68F57F70-E446-4D62-A7D9-77B8085FDF83}.Ad-Hoc|iPhone.Build.0 = Release|Any CPU
		{68F57F70-E446-4D62-A7D9-77B8085FDF83}.Ad-Hoc|iPhone.Deploy.0 = Release|Any CPU
		{68F57F70-E446-4D62-A7D9-77B8085FDF83}.Ad-Hoc|iPhoneSimulator.ActiveCfg = Release|Any CPU
		{68F57F70-E446-4D62-A7D9-77B8085FDF83}.Ad-Hoc|iPhoneSimulator.Build.0 = Release|Any CPU
		{68F57F70-E446-4D62-A7D9-77B8085FDF83}.Ad-Hoc|iPhoneSimulator.Deploy.0 = Release|Any CPU
		{68F57F70-E446-4D62-A7D9-77B8085FDF83}.Ad-Hoc|x64.ActiveCfg = Release|x64
		{68F57F70-E446-4D62-A7D9-77B8085FDF83}.Ad-Hoc|x64.Build.0 = Release|x64
		{68F57F70-E446-4D62-A7D9-77B8085FDF83}.Ad-Hoc|x64.Deploy.0 = Release|x64
		{68F57F70-E446-4D62-A7D9-77B8085FDF83}.Ad-Hoc|x86.ActiveCfg = Release|x86
		{68F57F70-E446-4D62-A7D9-77B8085FDF83}.Ad-Hoc|x86.Build.0 = Release|x86
		{68F57F70-E446-4D62-A7D9-77B8085FDF83}.Ad-Hoc|x86.Deploy.0 = Release|x86
		{68F57F70-E446-4D62-A7D9-77B8085FDF83}.AppStore|Any CPU.ActiveCfg = Release|Any CPU
		{68F57F70-E446-4D62-A7D9-77B8085FDF83}.AppStore|Any CPU.Build.0 = Release|Any CPU
		{68F57F70-E446-4D62-A7D9-77B8085FDF83}.AppStore|Any CPU.Deploy.0 = Release|Any CPU
		{68F57F70-E446-4D62-A7D9-77B8085FDF83}.AppStore|ARM.ActiveCfg = Release|ARM
		{68F57F70-E446-4D62-A7D9-77B8085FDF83}.AppStore|ARM.Build.0 = Release|ARM
		{68F57F70-E446-4D62-A7D9-77B8085FDF83}.AppStore|ARM.Deploy.0 = Release|ARM
		{68F57F70-E446-4D62-A7D9-77B8085FDF83}.AppStore|iPhone.ActiveCfg = Release|Any CPU
		{68F57F70-E446-4D62-A7D9-77B8085FDF83}.AppStore|iPhone.Build.0 = Release|Any CPU
		{68F57F70-E446-4D62-A7D9-77B8085FDF83}.AppStore|iPhone.Deploy.0 = Release|Any CPU
		{68F57F70-E446-4D62-A7D9-77B8085FDF83}.AppStore|iPhoneSimulator.ActiveCfg = Release|Any CPU
		{68F57F70-E446-4D62-A7D9-77B8085FDF83}.AppStore|iPhoneSimulator.Build.0 = Release|Any CPU
		{68F57F70-E446-4D62-A7D9-77B8085FDF83}.AppStore|iPhoneSimulator.Deploy.0 = Release|Any CPU
		{68F57F70-E446-4D62-A7D9-77B8085FDF83}.AppStore|x64.ActiveCfg = Release|x64
		{68F57F70-E446-4D62-A7D9-77B8085FDF83}.AppStore|x64.Build.0 = Release|x64
		{68F57F70-E446-4D62-A7D9-77B8085FDF83}.AppStore|x64.Deploy.0 = Release|x64
		{68F57F70-E446-4D62-A7D9-77B8085FDF83}.AppStore|x86.ActiveCfg = Release|x86
		{68F57F70-E446-4D62-A7D9-77B8085FDF83}.AppStore|x86.Build.0 = Release|x86
		{68F57F70-E446-4D62-A7D9-77B8085FDF83}.AppStore|x86.Deploy.0 = Release|x86
		{68F57F70-E446-4D62-A7D9-77B8085FDF83}.Debug|Any CPU.ActiveCfg = Debug|Any CPU
		{68F57F70-E446-4D62-A7D9-77B8085FDF83}.Debug|Any CPU.Build.0 = Debug|Any CPU
		{68F57F70-E446-4D62-A7D9-77B8085FDF83}.Debug|Any CPU.Deploy.0 = Debug|Any CPU
		{68F57F70-E446-4D62-A7D9-77B8085FDF83}.Debug|ARM.ActiveCfg = Debug|ARM
		{68F57F70-E446-4D62-A7D9-77B8085FDF83}.Debug|ARM.Build.0 = Debug|ARM
		{68F57F70-E446-4D62-A7D9-77B8085FDF83}.Debug|ARM.Deploy.0 = Debug|ARM
		{68F57F70-E446-4D62-A7D9-77B8085FDF83}.Debug|iPhone.ActiveCfg = Debug|Any CPU
		{68F57F70-E446-4D62-A7D9-77B8085FDF83}.Debug|iPhone.Build.0 = Debug|Any CPU
		{68F57F70-E446-4D62-A7D9-77B8085FDF83}.Debug|iPhone.Deploy.0 = Debug|Any CPU
		{68F57F70-E446-4D62-A7D9-77B8085FDF83}.Debug|iPhoneSimulator.ActiveCfg = Debug|Any CPU
		{68F57F70-E446-4D62-A7D9-77B8085FDF83}.Debug|iPhoneSimulator.Build.0 = Debug|Any CPU
		{68F57F70-E446-4D62-A7D9-77B8085FDF83}.Debug|iPhoneSimulator.Deploy.0 = Debug|Any CPU
		{68F57F70-E446-4D62-A7D9-77B8085FDF83}.Debug|x64.ActiveCfg = Debug|x64
		{68F57F70-E446-4D62-A7D9-77B8085FDF83}.Debug|x64.Build.0 = Debug|x64
		{68F57F70-E446-4D62-A7D9-77B8085FDF83}.Debug|x64.Deploy.0 = Debug|x64
		{68F57F70-E446-4D62-A7D9-77B8085FDF83}.Debug|x86.ActiveCfg = Debug|x86
		{68F57F70-E446-4D62-A7D9-77B8085FDF83}.Debug|x86.Build.0 = Debug|x86
		{68F57F70-E446-4D62-A7D9-77B8085FDF83}.Debug|x86.Deploy.0 = Debug|x86
		{68F57F70-E446-4D62-A7D9-77B8085FDF83}.Release|Any CPU.ActiveCfg = Release|Any CPU
		{68F57F70-E446-4D62-A7D9-77B8085FDF83}.Release|Any CPU.Build.0 = Release|Any CPU
		{68F57F70-E446-4D62-A7D9-77B8085FDF83}.Release|Any CPU.Deploy.0 = Release|Any CPU
		{68F57F70-E446-4D62-A7D9-77B8085FDF83}.Release|ARM.ActiveCfg = Release|ARM
		{68F57F70-E446-4D62-A7D9-77B8085FDF83}.Release|ARM.Build.0 = Release|ARM
		{68F57F70-E446-4D62-A7D9-77B8085FDF83}.Release|ARM.Deploy.0 = Release|ARM
		{68F57F70-E446-4D62-A7D9-77B8085FDF83}.Release|iPhone.ActiveCfg = Release|Any CPU
		{68F57F70-E446-4D62-A7D9-77B8085FDF83}.Release|iPhone.Build.0 = Release|Any CPU
		{68F57F70-E446-4D62-A7D9-77B8085FDF83}.Release|iPhone.Deploy.0 = Release|Any CPU
		{68F57F70-E446-4D62-A7D9-77B8085FDF83}.Release|iPhoneSimulator.ActiveCfg = Release|Any CPU
		{68F57F70-E446-4D62-A7D9-77B8085FDF83}.Release|iPhoneSimulator.Build.0 = Release|Any CPU
		{68F57F70-E446-4D62-A7D9-77B8085FDF83}.Release|iPhoneSimulator.Deploy.0 = Release|Any CPU
		{68F57F70-E446-4D62-A7D9-77B8085FDF83}.Release|x64.ActiveCfg = Release|x64
		{68F57F70-E446-4D62-A7D9-77B8085FDF83}.Release|x64.Build.0 = Release|x64
		{68F57F70-E446-4D62-A7D9-77B8085FDF83}.Release|x64.Deploy.0 = Release|x64
		{68F57F70-E446-4D62-A7D9-77B8085FDF83}.Release|x86.ActiveCfg = Release|x86
		{68F57F70-E446-4D62-A7D9-77B8085FDF83}.Release|x86.Build.0 = Release|x86
		{68F57F70-E446-4D62-A7D9-77B8085FDF83}.Release|x86.Deploy.0 = Release|x86
	EndGlobalSection
	GlobalSection(SolutionProperties) = preSolution
		HideSolutionNode = FALSE
	EndGlobalSection
EndGlobal
